lockfile_version: "1"
apm_version: 0.33.0
dependencies:
  - repo_url: takumi-kasahara/dotfiles
    materialization_repo_url: takumi-kasahara/Dotfiles
    name: csharp-for-powershell-5
    host: github.com
    resolved_commit: 47352e89e30a1f90860950befd6a2e170257dba0
    version: unknown
    virtual_path: .apm/skills/csharp-for-powershell-5
    is_virtual: true
    package_type: claude_skill
    deployed_files:
      - .agents/skills/csharp-for-powershell-5
      - .agents/skills/csharp-for-powershell-5/SKILL.md
    deployed_file_hashes:
      .agents/skills/csharp-for-powershell-5/SKILL.md: sha256:06b1eca3019197c4d53de48a40dfa6e97917963253f18766287ea117d6a26ee5
    content_hash: sha256:d4374628e837831b6d961137ea6ee69d59f0336849de11273024d14217bc7ebe
  - repo_url: takumi-kasahara/dotfiles
    materialization_repo_url: takumi-kasahara/Dotfiles
    name: office-scripts
    host: github.com
    resolved_commit: 47352e89e30a1f90860950befd6a2e170257dba0
    version: unknown
    virtual_path: .apm/skills/office-scripts
    is_virtual: true
    package_type: claude_skill
    deployed_files:
      - .agents/skills/office-scripts
      - .agents/skills/office-scripts/SKILL.md
    deployed_file_hashes:
      .agents/skills/office-scripts/SKILL.md: sha256:44827869644ecb3cfd17c993e6dcd43433760b708c4079027da0ed6d5fd0d0f0
    content_hash: sha256:cab95ad0808eb8a5b4dbb81ac6db1c593416ad6c67ed13971293c00dc7e4e48e
  - repo_url: takumi-kasahara/dotfiles
    materialization_repo_url: takumi-kasahara/Dotfiles
    name: office-scripts-from-vba
    host: github.com
    resolved_commit: 47352e89e30a1f90860950befd6a2e170257dba0
    version: unknown
    virtual_path: .apm/skills/office-scripts-from-vba
    is_virtual: true
    package_type: claude_skill
    deployed_files:
      - .agents/skills/office-scripts-from-vba
      - .agents/skills/office-scripts-from-vba/SKILL.md
    deployed_file_hashes:
      .agents/skills/office-scripts-from-vba/SKILL.md: sha256:1a2725690a43de9cfb4e13a7b6788cbf4c1487b8cac62b683c0f415959c760cd
    content_hash: sha256:bd9ba3546072733df6a3f56d46015599bb31704fa4a770651e03dd3d68a53de8
  - repo_url: takumi-kasahara/dotfiles
    materialization_repo_url: takumi-kasahara/Dotfiles
    name: office-scripts-to-vba
    host: github.com
    resolved_commit: 47352e89e30a1f90860950befd6a2e170257dba0
    version: unknown
    virtual_path: .apm/skills/office-scripts-to-vba
    is_virtual: true
    package_type: claude_skill
    deployed_files:
      - .agents/skills/office-scripts-to-vba
      - .agents/skills/office-scripts-to-vba/SKILL.md
    deployed_file_hashes:
      .agents/skills/office-scripts-to-vba/SKILL.md: sha256:3cbc1727c2d9c6d572e9044b6ce6822a5b859a233bfdfcfaf997647d5968759c
    content_hash: sha256:cb33058ad8986b41b7d9211ed7130fdbf8337c48650924ff3ee40671433d407c
  - repo_url: takumi-kasahara/dotfiles
    materialization_repo_url: takumi-kasahara/Dotfiles
    name: powershell-5
    host: github.com
    resolved_commit: 47352e89e30a1f90860950befd6a2e170257dba0
    version: unknown
    virtual_path: .apm/skills/powershell-5
    is_virtual: true
    package_type: claude_skill
    deployed_files:
      - .agents/skills/powershell-5
      - .agents/skills/powershell-5/SKILL.md
      - .agents/skills/powershell-5/references/comment-based-help.md
      - .agents/skills/powershell-5/references/powershell-cmdlet.md
      - .agents/skills/powershell-5/references/powershell-pester.md
      - .agents/skills/powershell-5/scripts/Help.ps1
      - .agents/skills/powershell-5/scripts/PSScriptAnalyzerSettings.psd1
      - .agents/skills/powershell-5/scripts/ParseFile.ps1
      - .agents/skills/powershell-5/scripts/Pester.ps1
      - .agents/skills/powershell-5/scripts/ScriptAnalyzer.ps1
    deployed_file_hashes:
      .agents/skills/powershell-5/SKILL.md: sha256:12a6b059907d8f2b225bb8bb01d19c3dfb3baf89204cda25a61cd8da040591d1
      .agents/skills/powershell-5/references/comment-based-help.md: sha256:0b763c723378d5ab3bfbb77d554d2f0519e6f57c7d33eda19094e7a81faf32c6
      .agents/skills/powershell-5/references/powershell-cmdlet.md: sha256:9425b00bef14efc97d9a43cf7f3444a2d84e1bf9f3125674db88ed30c6d2e017
      .agents/skills/powershell-5/references/powershell-pester.md: sha256:2c42edebb0639b6f4a0d1506817512fe792391e7674be0acfcc0b1094eb08b3d
      .agents/skills/powershell-5/scripts/Help.ps1: sha256:6045e578ddf7319aafe7241d778bbf5ffce043f9fed398cdc017091d8c18c629
      .agents/skills/powershell-5/scripts/PSScriptAnalyzerSettings.psd1: sha256:00272d34f89b0bb23650fad354d5d6459f8d88f0a548c62e8f70e4787e9489ab
      .agents/skills/powershell-5/scripts/ParseFile.ps1: sha256:e93d21919f87598a6b7c0cae395fabced6ca907b528fd5956baf525447156c97
      .agents/skills/powershell-5/scripts/Pester.ps1: sha256:52eb926346ebc40a4127b8174dc6a9e8f434969736c958acefd094c937d8de4f
      .agents/skills/powershell-5/scripts/ScriptAnalyzer.ps1: sha256:102527a31e9a929ef29f165f20347a1f16e1beb28f7654440d2499aa773a23f9
    content_hash: sha256:be98ac55d6f6ca7904b0d291b411364b2849ae3d6e7513ff5f68f8d6e69d2fc2
  - repo_url: takumi-kasahara/dotfiles
    materialization_repo_url: takumi-kasahara/Dotfiles
    name: rubberduck-vba
    host: github.com
    resolved_commit: 47352e89e30a1f90860950befd6a2e170257dba0
    version: unknown
    virtual_path: .apm/skills/rubberduck-vba
    is_virtual: true
    package_type: claude_skill
    deployed_files:
      - .agents/skills/rubberduck-vba
      - .agents/skills/rubberduck-vba/SKILL.md
      - .agents/skills/rubberduck-vba/assets/TestModule1.bas
    deployed_file_hashes:
      .agents/skills/rubberduck-vba/SKILL.md: sha256:cf1c6df69f7b6bf5c0692650e7c5f206433a69b6a20bf97f67ba87125b76cba7
      .agents/skills/rubberduck-vba/assets/TestModule1.bas: sha256:aa75247199523a7c8993cd19770ece95aa0a3698b0989605fabc22feb3efd8b4
    content_hash: sha256:f4fb8357c1136bec6da5e2d179aec71d85d8cf7ce5ae979bc7c84821782d3318
deployments:
  - kind: project-relative
    target: copilot
    value: .agents/skills/csharp-for-powershell-5
    runtime: null
    scope: project
    owners:
      - takumi-kasahara/dotfiles/.apm/skills/csharp-for-powershell-5
    active_owner: takumi-kasahara/dotfiles/.apm/skills/csharp-for-powershell-5
    content_hash: null
  - kind: project-relative
    target: copilot
    value: .agents/skills/csharp-for-powershell-5/SKILL.md
    runtime: null
    scope: project
    owners:
      - takumi-kasahara/dotfiles/.apm/skills/csharp-for-powershell-5
    active_owner: takumi-kasahara/dotfiles/.apm/skills/csharp-for-powershell-5
    content_hash: sha256:06b1eca3019197c4d53de48a40dfa6e97917963253f18766287ea117d6a26ee5
  - kind: project-relative
    target: copilot
    value: .agents/skills/office-scripts
    runtime: null
    scope: project
    owners:
      - takumi-kasahara/dotfiles/.apm/skills/office-scripts
    active_owner: takumi-kasahara/dotfiles/.apm/skills/office-scripts
    content_hash: null
  - kind: project-relative
    target: copilot
    value: .agents/skills/office-scripts-from-vba
    runtime: null
    scope: project
    owners:
      - takumi-kasahara/dotfiles/.apm/skills/office-scripts-from-vba
    active_owner: takumi-kasahara/dotfiles/.apm/skills/office-scripts-from-vba
    content_hash: null
  - kind: project-relative
    target: copilot
    value: .agents/skills/office-scripts-from-vba/SKILL.md
    runtime: null
    scope: project
    owners:
      - takumi-kasahara/dotfiles/.apm/skills/office-scripts-from-vba
    active_owner: takumi-kasahara/dotfiles/.apm/skills/office-scripts-from-vba
    content_hash: sha256:1a2725690a43de9cfb4e13a7b6788cbf4c1487b8cac62b683c0f415959c760cd
  - kind: project-relative
    target: copilot
    value: .agents/skills/office-scripts-to-vba
    runtime: null
    scope: project
    owners:
      - takumi-kasahara/dotfiles/.apm/skills/office-scripts-to-vba
    active_owner: takumi-kasahara/dotfiles/.apm/skills/office-scripts-to-vba
    content_hash: null
  - kind: project-relative
    target: copilot
    value: .agents/skills/office-scripts-to-vba/SKILL.md
    runtime: null
    scope: project
    owners:
      - takumi-kasahara/dotfiles/.apm/skills/office-scripts-to-vba
    active_owner: takumi-kasahara/dotfiles/.apm/skills/office-scripts-to-vba
    content_hash: sha256:3cbc1727c2d9c6d572e9044b6ce6822a5b859a233bfdfcfaf997647d5968759c
  - kind: project-relative
    target: copilot
    value: .agents/skills/office-scripts/SKILL.md
    runtime: null
    scope: project
    owners:
      - takumi-kasahara/dotfiles/.apm/skills/office-scripts
    active_owner: takumi-kasahara/dotfiles/.apm/skills/office-scripts
    content_hash: sha256:44827869644ecb3cfd17c993e6dcd43433760b708c4079027da0ed6d5fd0d0f0
  - kind: project-relative
    target: copilot
    value: .agents/skills/powershell-5
    runtime: null
    scope: project
    owners:
      - takumi-kasahara/dotfiles/.apm/skills/powershell-5
    active_owner: takumi-kasahara/dotfiles/.apm/skills/powershell-5
    content_hash: null
  - kind: project-relative
    target: copilot
    value: .agents/skills/powershell-5/SKILL.md
    runtime: null
    scope: project
    owners:
      - takumi-kasahara/dotfiles/.apm/skills/powershell-5
    active_owner: takumi-kasahara/dotfiles/.apm/skills/powershell-5
    content_hash: sha256:12a6b059907d8f2b225bb8bb01d19c3dfb3baf89204cda25a61cd8da040591d1
  - kind: project-relative
    target: copilot
    value: .agents/skills/powershell-5/references/comment-based-help.md
    runtime: null
    scope: project
    owners:
      - takumi-kasahara/dotfiles/.apm/skills/powershell-5
    active_owner: takumi-kasahara/dotfiles/.apm/skills/powershell-5
    content_hash: sha256:0b763c723378d5ab3bfbb77d554d2f0519e6f57c7d33eda19094e7a81faf32c6
  - kind: project-relative
    target: copilot
    value: .agents/skills/powershell-5/references/powershell-cmdlet.md
    runtime: null
    scope: project
    owners:
      - takumi-kasahara/dotfiles/.apm/skills/powershell-5
    active_owner: takumi-kasahara/dotfiles/.apm/skills/powershell-5
    content_hash: sha256:9425b00bef14efc97d9a43cf7f3444a2d84e1bf9f3125674db88ed30c6d2e017
  - kind: project-relative
    target: copilot
    value: .agents/skills/powershell-5/references/powershell-pester.md
    runtime: null
    scope: project
    owners:
      - takumi-kasahara/dotfiles/.apm/skills/powershell-5
    active_owner: takumi-kasahara/dotfiles/.apm/skills/powershell-5
    content_hash: sha256:2c42edebb0639b6f4a0d1506817512fe792391e7674be0acfcc0b1094eb08b3d
  - kind: project-relative
    target: copilot
    value: .agents/skills/powershell-5/scripts/Help.ps1
    runtime: null
    scope: project
    owners:
      - takumi-kasahara/dotfiles/.apm/skills/powershell-5
    active_owner: takumi-kasahara/dotfiles/.apm/skills/powershell-5
    content_hash: sha256:6045e578ddf7319aafe7241d778bbf5ffce043f9fed398cdc017091d8c18c629
  - kind: project-relative
    target: copilot
    value: .agents/skills/powershell-5/scripts/PSScriptAnalyzerSettings.psd1
    runtime: null
    scope: project
    owners:
      - takumi-kasahara/dotfiles/.apm/skills/powershell-5
    active_owner: takumi-kasahara/dotfiles/.apm/skills/powershell-5
    content_hash: sha256:00272d34f89b0bb23650fad354d5d6459f8d88f0a548c62e8f70e4787e9489ab
  - kind: project-relative
    target: copilot
    value: .agents/skills/powershell-5/scripts/ParseFile.ps1
    runtime: null
    scope: project
    owners:
      - takumi-kasahara/dotfiles/.apm/skills/powershell-5
    active_owner: takumi-kasahara/dotfiles/.apm/skills/powershell-5
    content_hash: sha256:e93d21919f87598a6b7c0cae395fabced6ca907b528fd5956baf525447156c97
  - kind: project-relative
    target: copilot
    value: .agents/skills/powershell-5/scripts/Pester.ps1
    runtime: null
    scope: project
    owners:
      - takumi-kasahara/dotfiles/.apm/skills/powershell-5
    active_owner: takumi-kasahara/dotfiles/.apm/skills/powershell-5
    content_hash: sha256:52eb926346ebc40a4127b8174dc6a9e8f434969736c958acefd094c937d8de4f
  - kind: project-relative
    target: copilot
    value: .agents/skills/powershell-5/scripts/ScriptAnalyzer.ps1
    runtime: null
    scope: project
    owners:
      - takumi-kasahara/dotfiles/.apm/skills/powershell-5
    active_owner: takumi-kasahara/dotfiles/.apm/skills/powershell-5
    content_hash: sha256:102527a31e9a929ef29f165f20347a1f16e1beb28f7654440d2499aa773a23f9
  - kind: project-relative
    target: copilot
    value: .agents/skills/rubberduck-vba
    runtime: null
    scope: project
    owners:
      - takumi-kasahara/dotfiles/.apm/skills/rubberduck-vba
    active_owner: takumi-kasahara/dotfiles/.apm/skills/rubberduck-vba
    content_hash: null
  - kind: project-relative
    target: copilot
    value: .agents/skills/rubberduck-vba/SKILL.md
    runtime: null
    scope: project
    owners:
      - takumi-kasahara/dotfiles/.apm/skills/rubberduck-vba
    active_owner: takumi-kasahara/dotfiles/.apm/skills/rubberduck-vba
    content_hash: sha256:cf1c6df69f7b6bf5c0692650e7c5f206433a69b6a20bf97f67ba87125b76cba7
  - kind: project-relative
    target: copilot
    value: .agents/skills/rubberduck-vba/assets/TestModule1.bas
    runtime: null
    scope: project
    owners:
      - takumi-kasahara/dotfiles/.apm/skills/rubberduck-vba
    active_owner: takumi-kasahara/dotfiles/.apm/skills/rubberduck-vba
    content_hash: sha256:aa75247199523a7c8993cd19770ece95aa0a3698b0989605fabc22feb3efd8b4
